
Microsoft Visual Studio Solution File, Format Version 12.00
# Visual Studio Version 16
VisualStudioVersion = 16.0.30717.126
MinimumVisualStudioVersion = 10.0.40219.1
Project("{FAE04EC0-301F-11D3-BF4B-00C04F79EFBC}") = "SplashScreen", "SplashScreen\SplashScreen.csproj", "{AD424FAF-1B69-4E7A-BC74-14FFD402D307}"
EndProject
Global
	GlobalSection(SolutionConfigurationPlatforms) = preSolution
		Debug|Any CPU = Debug|Any CPU
		Release|Any CPU = Release|Any CPU
	EndGlobalSection
	GlobalSection(ProjectConfigurationPlatforms) = postSolution
		{AD424FAF-1B69-4E7A-BC74-14FFD402D307}.Debug|Any CPU.ActiveCfg = Debug|Any CPU
		{AD424FAF-1B69-4E7A-BC74-14FFD402D307}.Debug|Any CPU.Build.0 = Debug|Any CPU
		{AD424FAF-1B69-4E7A-BC74-14FFD402D307}.Release|Any CPU.ActiveCfg = Release|Any CPU
		{AD424FAF-1B69-4E7A-BC74-14FFD402D307}.Release|Any CPU.Build.0 = Release|Any CPU
	EndGlobalSection
	GlobalSection(SolutionProperties) = preSolution
		HideSolutionNode = FALSE
	EndGlobalSection
	GlobalSection(ExtensibilityGlobals) = postSolution
		SolutionGuid = {82FE0320-36F0-4DFB-B08C-C20D21A9EC17}
	EndGlobalSection
EndGlobal
